
Microsoft Visual Studio Solution File, Format Version 12.00
# Visual Studio Version 16
VisualStudioVersion = 16.0.31313.79
MinimumVisualStudioVersion = 10.0.40219.1
Project("{FAE04EC0-301F-11D3-BF4B-00C04F79EFBC}") = "CRUD_application", "CRUD_application\CRUD_application.csproj", "{EC9C726B-386F-40BC-92AD-2134B9246003}"
EndProject
Global
	GlobalSection(SolutionConfigurationPlatforms) = preSolution
		Debug|Any CPU = Debug|Any CPU
		Release|Any CPU = Release|Any CPU
	EndGlobalSection
	GlobalSection(ProjectConfigurationPlatforms) = postSolution
		{EC9C726B-386F-40BC-92AD-2134B9246003}.Debug|Any CPU.ActiveCfg = Debug|Any CPU
		{EC9C726B-386F-40BC-92AD-2134B9246003}.Debug|Any CPU.Build.0 = Debug|Any CPU
		{EC9C726B-386F-40BC-92AD-2134B9246003}.Release|Any CPU.ActiveCfg = Release|Any CPU
		{EC9C726B-386F-40BC-92AD-2134B9246003}.Release|Any CPU.Build.0 = Release|Any CPU
	EndGlobalSection
	GlobalSection(SolutionProperties) = preSolution
		HideSolutionNode = FALSE
	EndGlobalSection
	GlobalSection(ExtensibilityGlobals) = postSolution
		SolutionGuid = {5AFCEFA5-E148-422B-9743-791F4DA28DD5}
	EndGlobalSection
EndGlobal
